
Microsoft Visual Studio Solution File, Format Version 12.00
# Visual Studio Version 17
VisualStudioVersion = 17.11.35312.102
MinimumVisualStudioVersion = 10.0.40219.1
Project("{FAE04EC0-301F-11D3-BF4B-00C04F79EFBC}") = "Lotto", "Lotto\Lotto.csproj", "{A415B336-C8F9-4BCF-908E-0E5DB71ED078}"
EndProject
Global
	GlobalSection(SolutionConfigurationPlatforms) = preSolution
		Debug|Any CPU = Debug|Any CPU
		Release|Any CPU = Release|Any CPU
	EndGlobalSection
	GlobalSection(ProjectConfigurationPlatforms) = postSolution
		{A415B336-C8F9-4BCF-908E-0E5DB71ED078}.Debug|Any CPU.ActiveCfg = Debug|Any CPU
		{A415B336-C8F9-4BCF-908E-0E5DB71ED078}.Debug|Any CPU.Build.0 = Debug|Any CPU
		{A415B336-C8F9-4BCF-908E-0E5DB71ED078}.Release|Any CPU.ActiveCfg = Release|Any CPU
		{A415B336-C8F9-4BCF-908E-0E5DB71ED078}.Release|Any CPU.Build.0 = Release|Any CPU
	EndGlobalSection
	GlobalSection(SolutionProperties) = preSolution
		HideSolutionNode = FALSE
	EndGlobalSection
	GlobalSection(ExtensibilityGlobals) = postSolution
		SolutionGuid = {C1E45DD9-3A29-4D2E-88D2-9E56E0773EF6}
	EndGlobalSection
EndGlobal
